
Microsoft Visual Studio Solution File, Format Version 12.00
# Visual Studio 14
VisualStudioVersion = 14.0.25123.0
MinimumVisualStudioVersion = 10.0.40219.1
Project("{FAE04EC0-301F-11D3-BF4B-00C04F79EFBC}") = "RCBeacon.Droid", "RCBeacon\RCBeacon.Droid\RCBeacon.Droid.csproj", "{CF3C7C55-239B-438A-B47E-D33CD5DFB29A}"
EndProject
Project("{FAE04EC0-301F-11D3-BF4B-00C04F79EFBC}") = "RCBeacon.iOS", "RCBeacon\RCBeacon.iOS\RCBeacon.iOS.csproj", "{7FCB2971-DE6B-484C-A1F2-58A4083DC455}"
EndProject
Project("{FAE04EC0-301F-11D3-BF4B-00C04F79EFBC}") = "RCBeacon.WinPhone", "RCBeacon\RCBeacon.WinPhone\RCBeacon.WinPhone.csproj", "{22FAF377-DFC9-475D-A1C1-51336E1291C6}"
EndProject
Project("{FAE04EC0-301F-11D3-BF4B-00C04F79EFBC}") = "RCBeacon.UWP", "RCBeacon\RCBeacon.UWP\RCBeacon.UWP.csproj", "{45C9D357-40FA-4B6A-B1B3-C36BA6C4D64E}"
EndProject
Project("{FAE04EC0-301F-11D3-BF4B-00C04F79EFBC}") = "RCBeacon.Windows", "RCBeacon\RCBeacon.Windows\RCBeacon.Windows.csproj", "{D255CDB3-377E-42F7-9BCA-3FEE342B2481}"
EndProject
Project("{FAE04EC0-301F-11D3-BF4B-00C04F79EFBC}") = "RCBeacon", "RCBeacon\RCBeacon\RCBeacon.csproj", "{0C94C071-6ACC-4103-A219-6B847C65C8C0}"
EndProject
Project("{FAE04EC0-301F-11D3-BF4B-00C04F79EFBC}") = "WebService", "WebService\WebService.csproj", "{67F9D3A8-F71E-4428-913F-C37AE82CDB24}"
EndProject
Global
	GlobalSection(SolutionConfigurationPlatforms) = preSolution
		Ad-Hoc|Any CPU = Ad-Hoc|Any CPU
		Ad-Hoc|ARM = Ad-Hoc|ARM
		Ad-Hoc|iPhone = Ad-Hoc|iPhone
		Ad-Hoc|iPhoneSimulator = Ad-Hoc|iPhoneSimulator
		Ad-Hoc|x64 = Ad-Hoc|x64
		Ad-Hoc|x86 = Ad-Hoc|x86
		AppStore|Any CPU = AppStore|Any CPU
		AppStore|ARM = AppStore|ARM
		AppStore|iPhone = AppStore|iPhone
		AppStore|iPhoneSimulator = AppStore|iPhoneSimulator
		AppStore|x64 = AppStore|x64
		AppStore|x86 = AppStore|x86
		Debug|Any CPU = Debug|Any CPU
		Debug|ARM = Debug|ARM
		Debug|iPhone = Debug|iPhone
		Debug|iPhoneSimulator = Debug|iPhoneSimulator
		Debug|x64 = Debug|x64
		Debug|x86 = Debug|x86
		Release|Any CPU = Release|Any CPU
		Release|ARM = Release|ARM
		Release|iPhone = Release|iPhone
		Release|iPhoneSimulator = Release|iPhoneSimulator
		Release|x64 = Release|x64
		Release|x86 = Release|x86
	EndGlobalSection
	GlobalSection(ProjectConfigurationPlatforms) = postSolution
		{CF3C7C55-239B-438A-B47E-D33CD5DFB29A}.Ad-Hoc|Any CPU.ActiveCfg = Release|Any CPU
		{CF3C7C55-239B-438A-B47E-D33CD5DFB29A}.Ad-Hoc|Any CPU.Build.0 = Release|Any CPU
		{CF3C7C55-239B-438A-B47E-D33CD5DFB29A}.Ad-Hoc|Any CPU.Deploy.0 = Release|Any CPU
		{CF3C7C55-239B-438A-B47E-D33CD5DFB29A}.Ad-Hoc|ARM.ActiveCfg = Release|Any CPU
		{CF3C7C55-239B-438A-B47E-D33CD5DFB29A}.Ad-Hoc|ARM.Build.0 = Release|Any CPU
		{CF3C7C55-239B-438A-B47E-D33CD5DFB29A}.Ad-Hoc|ARM.Deploy.0 = Release|Any CPU
		{CF3C7C55-239B-438A-B47E-D33CD5DFB29A}.Ad-Hoc|iPhone.ActiveCfg = Release|Any CPU
		{CF3C7C55-239B-438A-B47E-D33CD5DFB29A}.Ad-Hoc|iPhone.Build.0 = Release|Any CPU
		{CF3C7C55-239B-438A-B47E-D33CD5DFB29A}.Ad-Hoc|iPhone.Deploy.0 = Release|Any CPU
		{CF3C7C55-239B-438A-B47E-D33CD5DFB29A}.Ad-Hoc|iPhoneSimulator.ActiveCfg = Release|Any CPU
		{CF3C7C55-239B-438A-B47E-D33CD5DFB29A}.Ad-Hoc|iPhoneSimulator.Build.0 = Release|Any CPU
		{CF3C7C55-239B-438A-B47E-D33CD5DFB29A}.Ad-Hoc|iPhoneSimulator.Deploy.0 = Release|Any CPU
		{CF3C7C55-239B-438A-B47E-D33CD5DFB29A}.Ad-Hoc|x64.ActiveCfg = Release|Any CPU
		{CF3C7C55-239B-438A-B47E-D33CD5DFB29A}.Ad-Hoc|x64.Build.0 = Release|Any CPU
		{CF3C7C55-239B-438A-B47E-D33CD5DFB29A}.Ad-Hoc|x64.Deploy.0 = Release|Any CPU
		{CF3C7C55-239B-438A-B47E-D33CD5DFB29A}.Ad-Hoc|x86.ActiveCfg = Release|Any CPU
		{CF3C7C55-239B-438A-B47E-D33CD5DFB29A}.Ad-Hoc|x86.Build.0 = Release|Any CPU
		{CF3C7C55-239B-438A-B47E-D33CD5DFB29A}.Ad-Hoc|x86.Deploy.0 = Release|Any CPU
		{CF3C7C55-239B-438A-B47E-D33CD5DFB29A}.AppStore|Any CPU.ActiveCfg = Release|Any CPU
		{CF3C7C55-239B-438A-B47E-D33CD5DFB29A}.AppStore|Any CPU.Build.0 = Release|Any CPU
		{CF3C7C55-239B-438A-B47E-D33CD5DFB29A}.AppStore|Any CPU.Deploy.0 = Release|Any CPU
		{CF3C7C55-239B-438A-B47E-D33CD5DFB29A}.AppStore|ARM.ActiveCfg = Release|Any CPU
		{CF3C7C55-239B-438A-B47E-D33CD5DFB29A}.AppStore|ARM.Build.0 = Release|Any CPU
		{CF3C7C55-239B-438A-B47E-D33CD5DFB29A}.AppStore|ARM.Deploy.0 = Release|Any CPU
		{CF3C7C55-239B-438A-B47E-D33CD5DFB29A}.AppStore|iPhone.ActiveCfg = Release|Any CPU
		{CF3C7C55-239B-438A-B47E-D33CD5DFB29A}.AppStore|iPhone.Build.0 = Release|Any CPU
		{CF3C7C55-239B-438A-B47E-D33CD5DFB29A}.AppStore|iPhone.Deploy.0 = Release|Any CPU
		{CF3C7C55-239B-438A-B47E-D33CD5DFB29A}.AppStore|iPhoneSimulator.ActiveCfg = Release|Any CPU
		{CF3C7C55-239B-438A-B47E-D33CD5DFB29A}.AppStore|iPhoneSimulator.Build.0 = Release|Any CPU
		{CF3C7C55-239B-438A-B47E-D33CD5DFB29A}.AppStore|iPhoneSimulator.Deploy.0 = Release|Any CPU
		{CF3C7C55-239B-438A-B47E-D33CD5DFB29A}.AppStore|x64.ActiveCfg = Release|Any CPU
		{CF3C7C55-239B-438A-B47E-D33CD5DFB29A}.AppStore|x64.Build.0 = Release|Any CPU
		{CF3C7C55-239B-438A-B47E-D33CD5DFB29A}.AppStore|x64.Deploy.0 = Release|Any CPU
		{CF3C7C55-239B-438A-B47E-D33CD5DFB29A}.AppStore|x86.ActiveCfg = Release|Any CPU
		{CF3C7C55-239B-438A-B47E-D33CD5DFB29A}.AppStore|x86.Build.0 = Release|Any CPU
		{CF3C7C55-239B-438A-B47E-D33CD5DFB29A}.AppStore|x86.Deploy.0 = Release|Any CPU
		{CF3C7C55-239B-438A-B47E-D33CD5DFB29A}.Debug|Any CPU.ActiveCfg = Debug|Any CPU
		{CF3C7C55-239B-438A-B47E-D33CD5DFB29A}.Debug|Any CPU.Build.0 = Debug|Any CPU
		{CF3C7C55-239B-438A-B47E-D33CD5DFB29A}.Debug|Any CPU.Deploy.0 = Debug|Any CPU
		{CF3C7C55-239B-438A-B47E-D33CD5DFB29A}.Debug|ARM.ActiveCfg = Debug|Any CPU
		{CF3C7C55-239B-438A-B47E-D33CD5DFB29A}.Debug|ARM.Build.0 = Debug|Any CPU
		{CF3C7C55-239B-438A-B47E-D33CD5DFB29A}.Debug|ARM.Deploy.0 = Debug|Any CPU
		{CF3C7C55-239B-438A-B47E-D33CD5DFB29A}.Debug|iPhone.ActiveCfg = Debug|Any CPU
		{CF3C7C55-239B-438A-B47E-D33CD5DFB29A}.Debug|iPhone.Build.0 = Debug|Any CPU
		{CF3C7C55-239B-438A-B47E-D33CD5DFB29A}.Debug|iPhone.Deploy.0 = Debug|Any CPU
		{CF3C7C55-239B-438A-B47E-D33CD5DFB29A}.Debug|iPhoneSimulator.ActiveCfg = Debug|Any CPU
		{CF3C7C55-239B-438A-B47E-D33CD5DFB29A}.Debug|iPhoneSimulator.Build.0 = Debug|Any CPU
		{CF3C7C55-239B-438A-B47E-D33CD5DFB29A}.Debug|iPhoneSimulator.Deploy.0 = Debug|Any CPU
		{CF3C7C55-239B-438A-B47E-D33CD5DFB29A}.Debug|x64.ActiveCfg = Debug|Any CPU
		{CF3C7C55-239B-438A-B47E-D33CD5DFB29A}.Debug|x64.Build.0 = Debug|Any CPU
		{CF3C7C55-239B-438A-B47E-D33CD5DFB29A}.Debug|x64.Deploy.0 = Debug|Any CPU
		{CF3C7C55-239B-438A-B47E-D33CD5DFB29A}.Debug|x86.ActiveCfg = Debug|Any CPU
		{CF3C7C55-239B-438A-B47E-D33CD5DFB29A}.Debug|x86.Build.0 = Debug|Any CPU
		{CF3C7C55-239B-438A-B47E-D33CD5DFB29A}.Debug|x86.Deploy.0 = Debug|Any CPU
		{CF3C7C55-239B-438A-B47E-D33CD5DFB29A}.Release|Any CPU.ActiveCfg = Release|Any CPU
		{CF3C7C55-239B-438A-B47E-D33CD5DFB29A}.Release|Any CPU.Build.0 = Release|Any CPU
		{CF3C7C55-239B-438A-B47E-D33CD5DFB29A}.Release|Any CPU.Deploy.0 = Release|Any CPU
		{CF3C7C55-239B-438A-B47E-D33CD5DFB29A}.Release|ARM.ActiveCfg = Release|Any CPU
		{CF3C7C55-239B-438A-B47E-D33CD5DFB29A}.Release|ARM.Build.0 = Release|Any CPU
		{CF3C7C55-239B-438A-B47E-D33CD5DFB29A}.Release|ARM.Deploy.0 = Release|Any CPU
		{CF3C7C55-239B-438A-B47E-D33CD5DFB29A}.Release|iPhone.ActiveCfg = Release|Any CPU
		{CF3C7C55-239B-438A-B47E-D33CD5DFB29A}.Release|iPhone.Build.0 = Release|Any CPU
		{CF3C7C55-239B-438A-B47E-D33CD5DFB29A}.Release|iPhone.Deploy.0 = Release|Any CPU
		{CF3C7C55-239B-438A-B47E-D33CD5DFB29A}.Release|iPhoneSimulator.ActiveCfg = Release|Any CPU
		{CF3C7C55-239B-438A-B47E-D33CD5DFB29A}.Release|iPhoneSimulator.Build.0 = Release|Any CPU
		{CF3C7C55-239B-438A-B47E-D33CD5DFB29A}.Release|iPhoneSimulator.Deploy.0 = Release|Any CPU
		{CF3C7C55-239B-438A-B47E-D33CD5DFB29A}.Release|x64.ActiveCfg = Release|Any CPU
		{CF3C7C55-239B-438A-B47E-D33CD5DFB29A}.Release|x64.Build.0 = Release|Any CPU
		{CF3C7C55-239B-438A-B47E-D33CD5DFB29A}.Release|x64.Deploy.0 = Release|Any CPU
		{CF3C7C55-239B-438A-B47E-D33CD5DFB29A}.Release|x86.ActiveCfg = Release|Any CPU
		{CF3C7C55-239B-438A-B47E-D33CD5DFB29A}.Release|x86.Build.0 = Release|Any CPU
		{CF3C7C55-239B-438A-B47E-D33CD5DFB29A}.Release|x86.Deploy.0 = Release|Any CPU
		{7FCB2971-DE6B-484C-A1F2-58A4083DC455}.Ad-Hoc|Any CPU.ActiveCfg = Ad-Hoc|iPhone
		{7FCB2971-DE6B-484C-A1F2-58A4083DC455}.Ad-Hoc|ARM.ActiveCfg = Ad-Hoc|iPhone
		{7FCB2971-DE6B-484C-A1F2-58A4083DC455}.Ad-Hoc|iPhone.ActiveCfg = Ad-Hoc|iPhone
		{7FCB2971-DE6B-484C-A1F2-58A4083DC455}.Ad-Hoc|iPhone.Build.0 = Ad-Hoc|iPhone
		{7FCB2971-DE6B-484C-A1F2-58A4083DC455}.Ad-Hoc|iPhoneSimulator.ActiveCfg = Ad-Hoc|iPhoneSimulator
		{7FCB2971-DE6B-484C-A1F2-58A4083DC455}.Ad-Hoc|iPhoneSimulator.Build.0 = Ad-Hoc|iPhoneSimulator
		{7FCB2971-DE6B-484C-A1F2-58A4083DC455}.Ad-Hoc|x64.ActiveCfg = Ad-Hoc|iPhone
		{7FCB2971-DE6B-484C-A1F2-58A4083DC455}.Ad-Hoc|x86.ActiveCfg = Ad-Hoc|iPhone
		{7FCB2971-DE6B-484C-A1F2-58A4083DC455}.AppStore|Any CPU.ActiveCfg = AppStore|iPhone
		{7FCB2971-DE6B-484C-A1F2-58A4083DC455}.AppStore|ARM.ActiveCfg = AppStore|iPhone
		{7FCB2971-DE6B-484C-A1F2-58A4083DC455}.AppStore|iPhone.ActiveCfg = AppStore|iPhone
		{7FCB2971-DE6B-484C-A1F2-58A4083DC455}.AppStore|iPhone.Build.0 = AppStore|iPhone
		{7FCB2971-DE6B-484C-A1F2-58A4083DC455}.AppStore|iPhoneSimulator.ActiveCfg = AppStore|iPhoneSimulator
		{7FCB2971-DE6B-484C-A1F2-58A4083DC455}.AppStore|iPhoneSimulator.Build.0 = AppStore|iPhoneSimulator
		{7FCB2971-DE6B-484C-A1F2-58A4083DC455}.AppStore|x64.ActiveCfg = AppStore|iPhone
		{7FCB2971-DE6B-484C-A1F2-58A4083DC455}.AppStore|x86.ActiveCfg = AppStore|iPhone
		{7FCB2971-DE6B-484C-A1F2-58A4083DC455}.Debug|Any CPU.ActiveCfg = Debug|iPhone
		{7FCB2971-DE6B-484C-A1F2-58A4083DC455}.Debug|Any CPU.Build.0 = Debug|iPhone
		{7FCB2971-DE6B-484C-A1F2-58A4083DC455}.Debug|ARM.ActiveCfg = Debug|iPhone
		{7FCB2971-DE6B-484C-A1F2-58A4083DC455}.Debug|iPhone.ActiveCfg = Debug|iPhone
		{7FCB2971-DE6B-484C-A1F2-58A4083DC455}.Debug|iPhone.Build.0 = Debug|iPhone
		{7FCB2971-DE6B-484C-A1F2-58A4083DC455}.Debug|iPhoneSimulator.ActiveCfg = Debug|iPhoneSimulator
		{7FCB2971-DE6B-484C-A1F2-58A4083DC455}.Debug|iPhoneSimulator.Build.0 = Debug|iPhoneSimulator
		{7FCB2971-DE6B-484C-A1F2-58A4083DC455}.Debug|x64.ActiveCfg = Debug|iPhone
		{7FCB2971-DE6B-484C-A1F2-58A4083DC455}.Debug|x86.ActiveCfg = Debug|iPhone
		{7FCB2971-DE6B-484C-A1F2-58A4083DC455}.Release|Any CPU.ActiveCfg = Release|iPhone
		{7FCB2971-DE6B-484C-A1F2-58A4083DC455}.Release|ARM.ActiveCfg = Release|iPhone
		{7FCB2971-DE6B-484C-A1F2-58A4083DC455}.Release|iPhone.ActiveCfg = Release|iPhone
		{7FCB2971-DE6B-484C-A1F2-58A4083DC455}.Release|iPhone.Build.0 = Release|iPhone
		{7FCB2971-DE6B-484C-A1F2-58A4083DC455}.Release|iPhoneSimulator.ActiveCfg = Release|iPhoneSimulator
		{7FCB2971-DE6B-484C-A1F2-58A4083DC455}.Release|iPhoneSimulator.Build.0 = Release|iPhoneSimulator
		{7FCB2971-DE6B-484C-A1F2-58A4083DC455}.Release|x64.ActiveCfg = Release|iPhone
		{7FCB2971-DE6B-484C-A1F2-58A4083DC455}.Release|x86.ActiveCfg = Release|iPhone
		{22FAF377-DFC9-475D-A1C1-51336E1291C6}.Ad-Hoc|Any CPU.ActiveCfg = Release|Any CPU
		{22FAF377-DFC9-475D-A1C1-51336E1291C6}.Ad-Hoc|Any CPU.Build.0 = Release|Any CPU
		{22FAF377-DFC9-475D-A1C1-51336E1291C6}.Ad-Hoc|Any CPU.Deploy.0 = Release|Any CPU
		{22FAF377-DFC9-475D-A1C1-51336E1291C6}.Ad-Hoc|ARM.ActiveCfg = Release|ARM
		{22FAF377-DFC9-475D-A1C1-51336E1291C6}.Ad-Hoc|ARM.Build.0 = Release|ARM
		{22FAF377-DFC9-475D-A1C1-51336E1291C6}.Ad-Hoc|ARM.Deploy.0 = Release|ARM
		{22FAF377-DFC9-475D-A1C1-51336E1291C6}.Ad-Hoc|iPhone.ActiveCfg = Release|Any CPU
		{22FAF377-DFC9-475D-A1C1-51336E1291C6}.Ad-Hoc|iPhone.Build.0 = Release|Any CPU
		{22FAF377-DFC9-475D-A1C1-51336E1291C6}.Ad-Hoc|iPhone.Deploy.0 = Release|Any CPU
		{22FAF377-DFC9-475D-A1C1-51336E1291C6}.Ad-Hoc|iPhoneSimulator.ActiveCfg = Release|Any CPU
		{22FAF377-DFC9-475D-A1C1-51336E1291C6}.Ad-Hoc|iPhoneSimulator.Build.0 = Release|Any CPU
		{22FAF377-DFC9-475D-A1C1-51336E1291C6}.Ad-Hoc|iPhoneSimulator.Deploy.0 = Release|Any CPU
		{22FAF377-DFC9-475D-A1C1-51336E1291C6}.Ad-Hoc|x64.ActiveCfg = Release|Any CPU
		{22FAF377-DFC9-475D-A1C1-51336E1291C6}.Ad-Hoc|x64.Build.0 = Release|Any CPU
		{22FAF377-DFC9-475D-A1C1-51336E1291C6}.Ad-Hoc|x64.Deploy.0 = Release|Any CPU
		{22FAF377-DFC9-475D-A1C1-51336E1291C6}.Ad-Hoc|x86.ActiveCfg = Release|x86
		{22FAF377-DFC9-475D-A1C1-51336E1291C6}.Ad-Hoc|x86.Build.0 = Release|x86
		{22FAF377-DFC9-475D-A1C1-51336E1291C6}.Ad-Hoc|x86.Deploy.0 = Release|x86
		{22FAF377-DFC9-475D-A1C1-51336E1291C6}.AppStore|Any CPU.ActiveCfg = Release|Any CPU
		{22FAF377-DFC9-475D-A1C1-51336E1291C6}.AppStore|Any CPU.Build.0 = Release|Any CPU
		{22FAF377-DFC9-475D-A1C1-51336E1291C6}.AppStore|Any CPU.Deploy.0 = Release|Any CPU
		{22FAF377-DFC9-475D-A1C1-51336E1291C6}.AppStore|ARM.ActiveCfg = Release|ARM
		{22FAF377-DFC9-475D-A1C1-51336E1291C6}.AppStore|ARM.Build.0 = Release|ARM
		{22FAF377-DFC9-475D-A1C1-51336E1291C6}.AppStore|ARM.Deploy.0 = Release|ARM
		{22FAF377-DFC9-475D-A1C1-51336E1291C6}.AppStore|iPhone.ActiveCfg = Release|Any CPU
		{22FAF377-DFC9-475D-A1C1-51336E1291C6}.AppStore|iPhone.Build.0 = Release|Any CPU
		{22FAF377-DFC9-475D-A1C1-51336E1291C6}.AppStore|iPhone.Deploy.0 = Release|Any CPU
		{22FAF377-DFC9-475D-A1C1-51336E1291C6}.AppStore|iPhoneSimulator.ActiveCfg = Release|Any CPU
		{22FAF377-DFC9-475D-A1C1-51336E1291C6}.AppStore|iPhoneSimulator.Build.0 = Release|Any CPU
		{22FAF377-DFC9-475D-A1C1-51336E1291C6}.AppStore|iPhoneSimulator.Deploy.0 = Release|Any CPU
		{22FAF377-DFC9-475D-A1C1-51336E1291C6}.AppStore|x64.ActiveCfg = Release|Any CPU
		{22FAF377-DFC9-475D-A1C1-51336E1291C6}.AppStore|x64.Build.0 = Release|Any CPU
		{22FAF377-DFC9-475D-A1C1-51336E1291C6}.AppStore|x64.Deploy.0 = Release|Any CPU
		{22FAF377-DFC9-475D-A1C1-51336E1291C6}.AppStore|x86.ActiveCfg = Release|x86
		{22FAF377-DFC9-475D-A1C1-51336E1291C6}.AppStore|x86.Build.0 = Release|x86
		{22FAF377-DFC9-475D-A1C1-51336E1291C6}.AppStore|x86.Deploy.0 = Release|x86
		{22FAF377-DFC9-475D-A1C1-51336E1291C6}.Debug|Any CPU.ActiveCfg = Debug|Any CPU
		{22FAF377-DFC9-475D-A1C1-51336E1291C6}.Debug|Any CPU.Build.0 = Debug|Any CPU
		{22FAF377-DFC9-475D-A1C1-51336E1291C6}.Debug|Any CPU.Deploy.0 = Debug|Any CPU
		{22FAF377-DFC9-475D-A1C1-51336E1291C6}.Debug|ARM.ActiveCfg = Debug|ARM
		{22FAF377-DFC9-475D-A1C1-51336E1291C6}.Debug|ARM.Build.0 = Debug|ARM
		{22FAF377-DFC9-475D-A1C1-51336E1291C6}.Debug|ARM.Deploy.0 = Debug|ARM
		{22FAF377-DFC9-475D-A1C1-51336E1291C6}.Debug|iPhone.ActiveCfg = Debug|Any CPU
		{22FAF377-DFC9-475D-A1C1-51336E1291C6}.Debug|iPhone.Build.0 = Debug|Any CPU
		{22FAF377-DFC9-475D-A1C1-51336E1291C6}.Debug|iPhone.Deploy.0 = Debug|Any CPU
		{22FAF377-DFC9-475D-A1C1-51336E1291C6}.Debug|iPhoneSimulator.ActiveCfg = Debug|Any CPU
		{22FAF377-DFC9-475D-A1C1-51336E1291C6}.Debug|iPhoneSimulator.Build.0 = Debug|Any CPU
		{22FAF377-DFC9-475D-A1C1-51336E1291C6}.Debug|iPhoneSimulator.Deploy.0 = Debug|Any CPU
		{22FAF377-DFC9-475D-A1C1-51336E1291C6}.Debug|x64.ActiveCfg = Debug|Any CPU
		{22FAF377-DFC9-475D-A1C1-51336E1291C6}.Debug|x64.Build.0 = Debug|Any CPU
		{22FAF377-DFC9-475D-A1C1-51336E1291C6}.Debug|x64.Deploy.0 = Debug|Any CPU
		{22FAF377-DFC9-475D-A1C1-51336E1291C6}.Debug|x86.ActiveCfg = Debug|x86
		{22FAF377-DFC9-475D-A1C1-51336E1291C6}.Debug|x86.Build.0 = Debug|x86
		{22FAF377-DFC9-475D-A1C1-51336E1291C6}.Debug|x86.Deploy.0 = Debug|x86
		{22FAF377-DFC9-475D-A1C1-51336E1291C6}.Release|Any CPU.ActiveCfg = Release|Any CPU
		{22FAF377-DFC9-475D-A1C1-51336E1291C6}.Release|Any CPU.Build.0 = Release|Any CPU
		{22FAF377-DFC9-475D-A1C1-51336E1291C6}.Release|Any CPU.Deploy.0 = Release|Any CPU
		{22FAF377-DFC9-475D-A1C1-51336E1291C6}.Release|ARM.ActiveCfg = Release|ARM
		{22FAF377-DFC9-475D-A1C1-51336E1291C6}.Release|ARM.Build.0 = Release|ARM
		{22FAF377-DFC9-475D-A1C1-51336E1291C6}.Release|ARM.Deploy.0 = Release|ARM
		{22FAF377-DFC9-475D-A1C1-51336E1291C6}.Release|iPhone.ActiveCfg = Release|Any CPU
		{22FAF377-DFC9-475D-A1C1-51336E1291C6}.Release|iPhone.Build.0 = Release|Any CPU
		{22FAF377-DFC9-475D-A1C1-51336E1291C6}.Release|iPhone.Deploy.0 = Release|Any CPU
		{22FAF377-DFC9-475D-A1C1-51336E1291C6}.Release|iPhoneSimulator.ActiveCfg = Release|Any CPU
		{22FAF377-DFC9-475D-A1C1-51336E1291C6}.Release|iPhoneSimulator.Build.0 = Release|Any CPU
		{22FAF377-DFC9-475D-A1C1-51336E1291C6}.Release|iPhoneSimulator.Deploy.0 = Release|Any CPU
		{22FAF377-DFC9-475D-A1C1-51336E1291C6}.Release|x64.ActiveCfg = Release|Any CPU
		{22FAF377-DFC9-475D-A1C1-51336E1291C6}.Release|x64.Build.0 = Release|Any CPU
		{22FAF377-DFC9-475D-A1C1-51336E1291C6}.Release|x64.Deploy.0 = Release|Any CPU
		{22FAF377-DFC9-475D-A1C1-51336E1291C6}.Release|x86.ActiveCfg = Release|x86
		{22FAF377-DFC9-475D-A1C1-51336E1291C6}.Release|x86.Build.0 = Release|x86
		{22FAF377-DFC9-475D-A1C1-51336E1291C6}.Release|x86.Deploy.0 = Release|x86
		{45C9D357-40FA-4B6A-B1B3-C36BA6C4D64E}.Ad-Hoc|Any CPU.ActiveCfg = Release|x86
		{45C9D357-40FA-4B6A-B1B3-C36BA6C4D64E}.Ad-Hoc|Any CPU.Build.0 = Release|x86
		{45C9D357-40FA-4B6A-B1B3-C36BA6C4D64E}.Ad-Hoc|Any CPU.Deploy.0 = Release|x86
		{45C9D357-40FA-4B6A-B1B3-C36BA6C4D64E}.Ad-Hoc|ARM.ActiveCfg = Release|ARM
		{45C9D357-40FA-4B6A-B1B3-C36BA6C4D64E}.Ad-Hoc|ARM.Build.0 = Release|ARM
		{45C9D357-40FA-4B6A-B1B3-C36BA6C4D64E}.Ad-Hoc|ARM.Deploy.0 = Release|ARM
		{45C9D357-40FA-4B6A-B1B3-C36BA6C4D64E}.Ad-Hoc|iPhone.ActiveCfg = Release|x86
		{45C9D357-40FA-4B6A-B1B3-C36BA6C4D64E}.Ad-Hoc|iPhone.Build.0 = Release|x86
		{45C9D357-40FA-4B6A-B1B3-C36BA6C4D64E}.Ad-Hoc|iPhone.Deploy.0 = Release|x86
		{45C9D357-40FA-4B6A-B1B3-C36BA6C4D64E}.Ad-Hoc|iPhoneSimulator.ActiveCfg = Release|x86
		{45C9D357-40FA-4B6A-B1B3-C36BA6C4D64E}.Ad-Hoc|iPhoneSimulator.Build.0 = Release|x86
		{45C9D357-40FA-4B6A-B1B3-C36BA6C4D64E}.Ad-Hoc|iPhoneSimulator.Deploy.0 = Release|x86
		{45C9D357-40FA-4B6A-B1B3-C36BA6C4D64E}.Ad-Hoc|x64.ActiveCfg = Release|x64
		{45C9D357-40FA-4B6A-B1B3-C36BA6C4D64E}.Ad-Hoc|x64.Build.0 = Release|x64
		{45C9D357-40FA-4B6A-B1B3-C36BA6C4D64E}.Ad-Hoc|x64.Deploy.0 = Release|x64
		{45C9D357-40FA-4B6A-B1B3-C36BA6C4D64E}.Ad-Hoc|x86.ActiveCfg = Release|x86
		{45C9D357-40FA-4B6A-B1B3-C36BA6C4D64E}.Ad-Hoc|x86.Build.0 = Release|x86
		{45C9D357-40FA-4B6A-B1B3-C36BA6C4D64E}.Ad-Hoc|x86.Deploy.0 = Release|x86
		{45C9D357-40FA-4B6A-B1B3-C36BA6C4D64E}.AppStore|Any CPU.ActiveCfg = Release|x86
		{45C9D357-40FA-4B6A-B1B3-C36BA6C4D64E}.AppStore|Any CPU.Build.0 = Release|x86
		{45C9D357-40FA-4B6A-B1B3-C36BA6C4D64E}.AppStore|Any CPU.Deploy.0 = Release|x86
		{45C9D357-40FA-4B6A-B1B3-C36BA6C4D64E}.AppStore|ARM.ActiveCfg = Release|ARM
		{45C9D357-40FA-4B6A-B1B3-C36BA6C4D64E}.AppStore|ARM.Build.0 = Release|ARM
		{45C9D357-40FA-4B6A-B1B3-C36BA6C4D64E}.AppStore|ARM.Deploy.0 = Release|ARM
		{45C9D357-40FA-4B6A-B1B3-C36BA6C4D64E}.AppStore|iPhone.ActiveCfg = Release|x86
		{45C9D357-40FA-4B6A-B1B3-C36BA6C4D64E}.AppStore|iPhone.Build.0 = Release|x86
		{45C9D357-40FA-4B6A-B1B3-C36BA6C4D64E}.AppStore|iPhone.Deploy.0 = Release|x86
		{45C9D357-40FA-4B6A-B1B3-C36BA6C4D64E}.AppStore|iPhoneSimulator.ActiveCfg = Release|x86
		{45C9D357-40FA-4B6A-B1B3-C36BA6C4D64E}.AppStore|iPhoneSimulator.Build.0 = Release|x86
		{45C9D357-40FA-4B6A-B1B3-C36BA6C4D64E}.AppStore|iPhoneSimulator.Deploy.0 = Release|x86
		{45C9D357-40FA-4B6A-B1B3-C36BA6C4D64E}.AppStore|x64.ActiveCfg = Release|x64
		{45C9D357-40FA-4B6A-B1B3-C36BA6C4D64E}.AppStore|x64.Build.0 = Release|x64
		{45C9D357-40FA-4B6A-B1B3-C36BA6C4D64E}.AppStore|x64.Deploy.0 = Release|x64
		{45C9D357-40FA-4B6A-B1B3-C36BA6C4D64E}.AppStore|x86.ActiveCfg = Release|x86
		{45C9D357-40FA-4B6A-B1B3-C36BA6C4D64E}.AppStore|x86.Build.0 = Release|x86
		{45C9D357-40FA-4B6A-B1B3-C36BA6C4D64E}.AppStore|x86.Deploy.0 = Release|x86
		{45C9D357-40FA-4B6A-B1B3-C36BA6C4D64E}.Debug|Any CPU.ActiveCfg = Debug|x86
		{45C9D357-40FA-4B6A-B1B3-C36BA6C4D64E}.Debug|Any CPU.Build.0 = Debug|x86
		{45C9D357-40FA-4B6A-B1B3-C36BA6C4D64E}.Debug|Any CPU.Deploy.0 = Debug|x86
		{45C9D357-40FA-4B6A-B1B3-C36BA6C4D64E}.Debug|ARM.ActiveCfg = Debug|ARM
		{45C9D357-40FA-4B6A-B1B3-C36BA6C4D64E}.Debug|ARM.Build.0 = Debug|ARM
		{45C9D357-40FA-4B6A-B1B3-C36BA6C4D64E}.Debug|ARM.Deploy.0 = Debug|ARM
		{45C9D357-40FA-4B6A-B1B3-C36BA6C4D64E}.Debug|iPhone.ActiveCfg = Debug|x86
		{45C9D357-40FA-4B6A-B1B3-C36BA6C4D64E}.Debug|iPhoneSimulator.ActiveCfg = Debug|x86
		{45C9D357-40FA-4B6A-B1B3-C36BA6C4D64E}.Debug|x64.ActiveCfg = Debug|x64
		{45C9D357-40FA-4B6A-B1B3-C36BA6C4D64E}.Debug|x64.Build.0 = Debug|x64
		{45C9D357-40FA-4B6A-B1B3-C36BA6C4D64E}.Debug|x64.Deploy.0 = Debug|x64
		{45C9D357-40FA-4B6A-B1B3-C36BA6C4D64E}.Debug|x86.ActiveCfg = Debug|x86
		{45C9D357-40FA-4B6A-B1B3-C36BA6C4D64E}.Debug|x86.Build.0 = Debug|x86
		{45C9D357-40FA-4B6A-B1B3-C36BA6C4D64E}.Debug|x86.Deploy.0 = Debug|x86
		{45C9D357-40FA-4B6A-B1B3-C36BA6C4D64E}.Release|Any CPU.ActiveCfg = Release|x86
		{45C9D357-40FA-4B6A-B1B3-C36BA6C4D64E}.Release|ARM.ActiveCfg = Release|ARM
		{45C9D357-40FA-4B6A-B1B3-C36BA6C4D64E}.Release|ARM.Build.0 = Release|ARM
		{45C9D357-40FA-4B6A-B1B3-C36BA6C4D64E}.Release|ARM.Deploy.0 = Release|ARM
		{45C9D357-40FA-4B6A-B1B3-C36BA6C4D64E}.Release|iPhone.ActiveCfg = Release|x86
		{45C9D357-40FA-4B6A-B1B3-C36BA6C4D64E}.Release|iPhoneSimulator.ActiveCfg = Release|x86
		{45C9D357-40FA-4B6A-B1B3-C36BA6C4D64E}.Release|x64.ActiveCfg = Release|x64
		{45C9D357-40FA-4B6A-B1B3-C36BA6C4D64E}.Release|x64.Build.0 = Release|x64
		{45C9D357-40FA-4B6A-B1B3-C36BA6C4D64E}.Release|x64.Deploy.0 = Release|x64
		{45C9D357-40FA-4B6A-B1B3-C36BA6C4D64E}.Release|x86.ActiveCfg = Release|x86
		{45C9D357-40FA-4B6A-B1B3-C36BA6C4D64E}.Release|x86.Build.0 = Release|x86
		{45C9D357-40FA-4B6A-B1B3-C36BA6C4D64E}.Release|x86.Deploy.0 = Release|x86
		{D255CDB3-377E-42F7-9BCA-3FEE342B2481}.Ad-Hoc|Any CPU.ActiveCfg = Release|Any CPU
		{D255CDB3-377E-42F7-9BCA-3FEE342B2481}.Ad-Hoc|Any CPU.Build.0 = Release|Any CPU
		{D255CDB3-377E-42F7-9BCA-3FEE342B2481}.Ad-Hoc|Any CPU.Deploy.0 = Release|Any CPU
		{D255CDB3-377E-42F7-9BCA-3FEE342B2481}.Ad-Hoc|ARM.ActiveCfg = Release|ARM
		{D255CDB3-377E-42F7-9BCA-3FEE342B2481}.Ad-Hoc|ARM.Build.0 = Release|ARM
		{D255CDB3-377E-42F7-9BCA-3FEE342B2481}.Ad-Hoc|ARM.Deploy.0 = Release|ARM
		{D255CDB3-377E-42F7-9BCA-3FEE342B2481}.Ad-Hoc|iPhone.ActiveCfg = Release|Any CPU
		{D255CDB3-377E-42F7-9BCA-3FEE342B2481}.Ad-Hoc|iPhone.Build.0 = Release|Any CPU
		{D255CDB3-377E-42F7-9BCA-3FEE342B2481}.Ad-Hoc|iPhone.Deploy.0 = Release|Any CPU
		{D255CDB3-377E-42F7-9BCA-3FEE342B2481}.Ad-Hoc|iPhoneSimulator.ActiveCfg = Release|Any CPU
		{D255CDB3-377E-42F7-9BCA-3FEE342B2481}.Ad-Hoc|iPhoneSimulator.Build.0 = Release|Any CPU
		{D255CDB3-377E-42F7-9BCA-3FEE342B2481}.Ad-Hoc|iPhoneSimulator.Deploy.0 = Release|Any CPU
		{D255CDB3-377E-42F7-9BCA-3FEE342B2481}.Ad-Hoc|x64.ActiveCfg = Release|x64
		{D255CDB3-377E-42F7-9BCA-3FEE342B2481}.Ad-Hoc|x64.Build.0 = Release|x64
		{D255CDB3-377E-42F7-9BCA-3FEE342B2481}.Ad-Hoc|x64.Deploy.0 = Release|x64
		{D255CDB3-377E-42F7-9BCA-3FEE342B2481}.Ad-Hoc|x86.ActiveCfg = Release|x86
		{D255CDB3-377E-42F7-9BCA-3FEE342B2481}.Ad-Hoc|x86.Build.0 = Release|x86
		{D255CDB3-377E-42F7-9BCA-3FEE342B2481}.Ad-Hoc|x86.Deploy.0 = Release|x86
		{D255CDB3-377E-42F7-9BCA-3FEE342B2481}.AppStore|Any CPU.ActiveCfg = Release|Any CPU
		{D255CDB3-377E-42F7-9BCA-3FEE342B2481}.AppStore|Any CPU.Build.0 = Release|Any CPU
		{D255CDB3-377E-42F7-9BCA-3FEE342B2481}.AppStore|Any CPU.Deploy.0 = Release|Any CPU
		{D255CDB3-377E-42F7-9BCA-3FEE342B2481}.AppStore|ARM.ActiveCfg = Release|ARM
		{D255CDB3-377E-42F7-9BCA-3FEE342B2481}.AppStore|ARM.Build.0 = Release|ARM
		{D255CDB3-377E-42F7-9BCA-3FEE342B2481}.AppStore|ARM.Deploy.0 = Release|ARM
		{D255CDB3-377E-42F7-9BCA-3FEE342B2481}.AppStore|iPhone.ActiveCfg = Release|Any CPU
		{D255CDB3-377E-42F7-9BCA-3FEE342B2481}.AppStore|iPhone.Build.0 = Release|Any CPU
		{D255CDB3-377E-42F7-9BCA-3FEE342B2481}.AppStore|iPhone.Deploy.0 = Release|Any CPU
		{D255CDB3-377E-42F7-9BCA-3FEE342B2481}.AppStore|iPhoneSimulator.ActiveCfg = Release|Any CPU
		{D255CDB3-377E-42F7-9BCA-3FEE342B2481}.AppStore|iPhoneSimulator.Build.0 = Release|Any CPU
		{D255CDB3-377E-42F7-9BCA-3FEE342B2481}.AppStore|iPhoneSimulator.Deploy.0 = Release|Any CPU
		{D255CDB3-377E-42F7-9BCA-3FEE342B2481}.AppStore|x64.ActiveCfg = Release|x64
		{D255CDB3-377E-42F7-9BCA-3FEE342B2481}.AppStore|x64.Build.0 = Release|x64
		{D255CDB3-377E-42F7-9BCA-3FEE342B2481}.AppStore|x64.Deploy.0 = Release|x64
		{D255CDB3-377E-42F7-9BCA-3FEE342B2481}.AppStore|x86.ActiveCfg = Release|x86
		{D255CDB3-377E-42F7-9BCA-3FEE342B2481}.AppStore|x86.Build.0 = Release|x86
		{D255CDB3-377E-42F7-9BCA-3FEE342B2481}.AppStore|x86.Deploy.0 = Release|x86
		{D255CDB3-377E-42F7-9BCA-3FEE342B2481}.Debug|Any CPU.ActiveCfg = Debug|Any CPU
		{D255CDB3-377E-42F7-9BCA-3FEE342B2481}.Debug|Any CPU.Build.0 = Debug|Any CPU
		{D255CDB3-377E-42F7-9BCA-3FEE342B2481}.Debug|Any CPU.Deploy.0 = Debug|Any CPU
		{D255CDB3-377E-42F7-9BCA-3FEE342B2481}.Debug|ARM.ActiveCfg = Debug|ARM
		{D255CDB3-377E-42F7-9BCA-3FEE342B2481}.Debug|ARM.Build.0 = Debug|ARM
		{D255CDB3-377E-42F7-9BCA-3FEE342B2481}.Debug|ARM.Deploy.0 = Debug|ARM
		{D255CDB3-377E-42F7-9BCA-3FEE342B2481}.Debug|iPhone.ActiveCfg = Debug|Any CPU
		{D255CDB3-377E-42F7-9BCA-3FEE342B2481}.Debug|iPhone.Build.0 = Debug|Any CPU
		{D255CDB3-377E-42F7-9BCA-3FEE342B2481}.Debug|iPhone.Deploy.0 = Debug|Any CPU
		{D255CDB3-377E-42F7-9BCA-3FEE342B2481}.Debug|iPhoneSimulator.ActiveCfg = Debug|Any CPU
		{D255CDB3-377E-42F7-9BCA-3FEE342B2481}.Debug|iPhoneSimulator.Build.0 = Debug|Any CPU
		{D255CDB3-377E-42F7-9BCA-3FEE342B2481}.Debug|iPhoneSimulator.Deploy.0 = Debug|Any CPU
		{D255CDB3-377E-42F7-9BCA-3FEE342B2481}.Debug|x64.ActiveCfg = Debug|x64
		{D255CDB3-377E-42F7-9BCA-3FEE342B2481}.Debug|x64.Build.0 = Debug|x64
		{D255CDB3-377E-42F7-9BCA-3FEE342B2481}.Debug|x64.Deploy.0 = Debug|x64
		{D255CDB3-377E-42F7-9BCA-3FEE342B2481}.Debug|x86.ActiveCfg = Debug|x86
		{D255CDB3-377E-42F7-9BCA-3FEE342B2481}.Debug|x86.Build.0 = Debug|x86
		{D255CDB3-377E-42F7-9BCA-3FEE342B2481}.Debug|x86.Deploy.0 = Debug|x86
		{D255CDB3-377E-42F7-9BCA-3FEE342B2481}.Release|Any CPU.ActiveCfg = Release|Any CPU
		{D255CDB3-377E-42F7-9BCA-3FEE342B2481}.Release|Any CPU.Build.0 = Release|Any CPU
		{D255CDB3-377E-42F7-9BCA-3FEE342B2481}.Release|Any CPU.Deploy.0 = Release|Any CPU
		{D255CDB3-377E-42F7-9BCA-3FEE342B2481}.Release|ARM.ActiveCfg = Release|ARM
		{D255CDB3-377E-42F7-9BCA-3FEE342B2481}.Release|ARM.Build.0 = Release|ARM
		{D255CDB3-377E-42F7-9BCA-3FEE342B2481}.Release|ARM.Deploy.0 = Release|ARM
		{D255CDB3-377E-42F7-9BCA-3FEE342B2481}.Release|iPhone.ActiveCfg = Release|Any CPU
		{D255CDB3-377E-42F7-9BCA-3FEE342B2481}.Release|iPhone.Build.0 = Release|Any CPU
		{D255CDB3-377E-42F7-9BCA-3FEE342B2481}.Release|iPhone.Deploy.0 = Release|Any CPU
		{D255CDB3-377E-42F7-9BCA-3FEE342B2481}.Release|iPhoneSimulator.ActiveCfg = Release|Any CPU
		{D255CDB3-377E-42F7-9BCA-3FEE342B2481}.Release|iPhoneSimulator.Build.0 = Release|Any CPU
		{D255CDB3-377E-42F7-9BCA-3FEE342B2481}.Release|iPhoneSimulator.Deploy.0 = Release|Any CPU
		{D255CDB3-377E-42F7-9BCA-3FEE342B2481}.Release|x64.ActiveCfg = Release|x64
		{D255CDB3-377E-42F7-9BCA-3FEE342B2481}.Release|x64.Build.0 = Release|x64
		{D255CDB3-377E-42F7-9BCA-3FEE342B2481}.Release|x64.Deploy.0 = Release|x64
		{D255CDB3-377E-42F7-9BCA-3FEE342B2481}.Release|x86.ActiveCfg = Release|x86
		{D255CDB3-377E-42F7-9BCA-3FEE342B2481}.Release|x86.Build.0 = Release|x86
		{D255CDB3-377E-42F7-9BCA-3FEE342B2481}.Release|x86.Deploy.0 = Release|x86
		{0C94C071-6ACC-4103-A219-6B847C65C8C0}.Ad-Hoc|Any CPU.ActiveCfg = Release|Any CPU
		{0C94C071-6ACC-4103-A219-6B847C65C8C0}.Ad-Hoc|Any CPU.Build.0 = Release|Any CPU
		{0C94C071-6ACC-4103-A219-6B847C65C8C0}.Ad-Hoc|ARM.ActiveCfg = Release|Any CPU
		{0C94C071-6ACC-4103-A219-6B847C65C8C0}.Ad-Hoc|ARM.Build.0 = Release|Any CPU
		{0C94C071-6ACC-4103-A219-6B847C65C8C0}.Ad-Hoc|iPhone.ActiveCfg = Release|Any CPU
		{0C94C071-6ACC-4103-A219-6B847C65C8C0}.Ad-Hoc|iPhone.Build.0 = Release|Any CPU
		{0C94C071-6ACC-4103-A219-6B847C65C8C0}.Ad-Hoc|iPhoneSimulator.ActiveCfg = Release|Any CPU
		{0C94C071-6ACC-4103-A219-6B847C65C8C0}.Ad-Hoc|iPhoneSimulator.Build.0 = Release|Any CPU
		{0C94C071-6ACC-4103-A219-6B847C65C8C0}.Ad-Hoc|x64.ActiveCfg = Release|Any CPU
		{0C94C071-6ACC-4103-A219-6B847C65C8C0}.Ad-Hoc|x64.Build.0 = Release|Any CPU
		{0C94C071-6ACC-4103-A219-6B847C65C8C0}.Ad-Hoc|x86.ActiveCfg = Release|Any CPU
		{0C94C071-6ACC-4103-A219-6B847C65C8C0}.Ad-Hoc|x86.Build.0 = Release|Any CPU
		{0C94C071-6ACC-4103-A219-6B847C65C8C0}.AppStore|Any CPU.ActiveCfg = Release|Any CPU
		{0C94C071-6ACC-4103-A219-6B847C65C8C0}.AppStore|Any CPU.Build.0 = Release|Any CPU
		{0C94C071-6ACC-4103-A219-6B847C65C8C0}.AppStore|ARM.ActiveCfg = Release|Any CPU
		{0C94C071-6ACC-4103-A219-6B847C65C8C0}.AppStore|ARM.Build.0 = Release|Any CPU
		{0C94C071-6ACC-4103-A219-6B847C65C8C0}.AppStore|iPhone.ActiveCfg = Release|Any CPU
		{0C94C071-6ACC-4103-A219-6B847C65C8C0}.AppStore|iPhone.Build.0 = Release|Any CPU
		{0C94C071-6ACC-4103-A219-6B847C65C8C0}.AppStore|iPhoneSimulator.ActiveCfg = Release|Any CPU
		{0C94C071-6ACC-4103-A219-6B847C65C8C0}.AppStore|iPhoneSimulator.Build.0 = Release|Any CPU
		{0C94C071-6ACC-4103-A219-6B847C65C8C0}.AppStore|x64.ActiveCfg = Release|Any CPU
		{0C94C071-6ACC-4103-A219-6B847C65C8C0}.AppStore|x64.Build.0 = Release|Any CPU
		{0C94C071-6ACC-4103-A219-6B847C65C8C0}.AppStore|x86.ActiveCfg = Release|Any CPU
		{0C94C071-6ACC-4103-A219-6B847C65C8C0}.AppStore|x86.Build.0 = Release|Any CPU
		{0C94C071-6ACC-4103-A219-6B847C65C8C0}.Debug|Any CPU.ActiveCfg = Debug|Any CPU
		{0C94C071-6ACC-4103-A219-6B847C65C8C0}.Debug|Any CPU.Build.0 = Debug|Any CPU
		{0C94C071-6ACC-4103-A219-6B847C65C8C0}.Debug|ARM.ActiveCfg = Debug|Any CPU
		{0C94C071-6ACC-4103-A219-6B847C65C8C0}.Debug|ARM.Build.0 = Debug|Any CPU
		{0C94C071-6ACC-4103-A219-6B847C65C8C0}.Debug|iPhone.ActiveCfg = Debug|Any CPU
		{0C94C071-6ACC-4103-A219-6B847C65C8C0}.Debug|iPhone.Build.0 = Debug|Any CPU
		{0C94C071-6ACC-4103-A219-6B847C65C8C0}.Debug|iPhoneSimulator.ActiveCfg = Debug|Any CPU
		{0C94C071-6ACC-4103-A219-6B847C65C8C0}.Debug|iPhoneSimulator.Build.0 = Debug|Any CPU
		{0C94C071-6ACC-4103-A219-6B847C65C8C0}.Debug|x64.ActiveCfg = Debug|Any CPU
		{0C94C071-6ACC-4103-A219-6B847C65C8C0}.Debug|x64.Build.0 = Debug|Any CPU
		{0C94C071-6ACC-4103-A219-6B847C65C8C0}.Debug|x86.ActiveCfg = Debug|Any CPU
		{0C94C071-6ACC-4103-A219-6B847C65C8C0}.Debug|x86.Build.0 = Debug|Any CPU
		{0C94C071-6ACC-4103-A219-6B847C65C8C0}.Release|Any CPU.ActiveCfg = Release|Any CPU
		{0C94C071-6ACC-4103-A219-6B847C65C8C0}.Release|Any CPU.Build.0 = Release|Any CPU
		{0C94C071-6ACC-4103-A219-6B847C65C8C0}.Release|ARM.ActiveCfg = Release|Any CPU
		{0C94C071-6ACC-4103-A219-6B847C65C8C0}.Release|ARM.Build.0 = Release|Any CPU
		{0C94C071-6ACC-4103-A219-6B847C65C8C0}.Release|iPhone.ActiveCfg = Release|Any CPU
		{0C94C071-6ACC-4103-A219-6B847C65C8C0}.Release|iPhone.Build.0 = Release|Any CPU
		{0C94C071-6ACC-4103-A219-6B847C65C8C0}.Release|iPhoneSimulator.ActiveCfg = Release|Any CPU
		{0C94C071-6ACC-4103-A219-6B847C65C8C0}.Release|iPhoneSimulator.Build.0 = Release|Any CPU
		{0C94C071-6ACC-4103-A219-6B847C65C8C0}.Release|x64.ActiveCfg = Release|Any CPU
		{0C94C071-6ACC-4103-A219-6B847C65C8C0}.Release|x64.Build.0 = Release|Any CPU
		{0C94C071-6ACC-4103-A219-6B847C65C8C0}.Release|x86.ActiveCfg = Release|Any CPU
		{0C94C071-6ACC-4103-A219-6B847C65C8C0}.Release|x86.Build.0 = Release|Any CPU
		{67F9D3A8-F71E-4428-913F-C37AE82CDB24}.Ad-Hoc|Any CPU.ActiveCfg = Release|Any CPU
		{67F9D3A8-F71E-4428-913F-C37AE82CDB24}.Ad-Hoc|Any CPU.Build.0 = Release|Any CPU
		{67F9D3A8-F71E-4428-913F-C37AE82CDB24}.Ad-Hoc|ARM.ActiveCfg = Release|Any CPU
		{67F9D3A8-F71E-4428-913F-C37AE82CDB24}.Ad-Hoc|ARM.Build.0 = Release|Any CPU
		{67F9D3A8-F71E-4428-913F-C37AE82CDB24}.Ad-Hoc|iPhone.ActiveCfg = Release|Any CPU
		{67F9D3A8-F71E-4428-913F-C37AE82CDB24}.Ad-Hoc|iPhone.Build.0 = Release|Any CPU
		{67F9D3A8-F71E-4428-913F-C37AE82CDB24}.Ad-Hoc|iPhoneSimulator.ActiveCfg = Release|Any CPU
		{67F9D3A8-F71E-4428-913F-C37AE82CDB24}.Ad-Hoc|iPhoneSimulator.Build.0 = Release|Any CPU
		{67F9D3A8-F71E-4428-913F-C37AE82CDB24}.Ad-Hoc|x64.ActiveCfg = Release|Any CPU
		{67F9D3A8-F71E-4428-913F-C37AE82CDB24}.Ad-Hoc|x64.Build.0 = Release|Any CPU
		{67F9D3A8-F71E-4428-913F-C37AE82CDB24}.Ad-Hoc|x86.ActiveCfg = Release|Any CPU
		{67F9D3A8-F71E-4428-913F-C37AE82CDB24}.Ad-Hoc|x86.Build.0 = Release|Any CPU
		{67F9D3A8-F71E-4428-913F-C37AE82CDB24}.AppStore|Any CPU.ActiveCfg = Release|Any CPU
		{67F9D3A8-F71E-4428-913F-C37AE82CDB24}.AppStore|Any CPU.Build.0 = Release|Any CPU
		{67F9D3A8-F71E-4428-913F-C37AE82CDB24}.AppStore|ARM.ActiveCfg = Release|Any CPU
		{67F9D3A8-F71E-4428-913F-C37AE82CDB24}.AppStore|ARM.Build.0 = Release|Any CPU
		{67F9D3A8-F71E-4428-913F-C37AE82CDB24}.AppStore|iPhone.ActiveCfg = Release|Any CPU
		{67F9D3A8-F71E-4428-913F-C37AE82CDB24}.AppStore|iPhone.Build.0 = Release|Any CPU
		{67F9D3A8-F71E-4428-913F-C37AE82CDB24}.AppStore|iPhoneSimulator.ActiveCfg = Release|Any CPU
		{67F9D3A8-F71E-4428-913F-C37AE82CDB24}.AppStore|iPhoneSimulator.Build.0 = Release|Any CPU
		{67F9D3A8-F71E-4428-913F-C37AE82CDB24}.AppStore|x64.ActiveCfg = Release|Any CPU
		{67F9D3A8-F71E-4428-913F-C37AE82CDB24}.AppStore|x64.Build.0 = Release|Any CPU
		{67F9D3A8-F71E-4428-913F-C37AE82CDB24}.AppStore|x86.ActiveCfg = Release|Any CPU
		{67F9D3A8-F71E-4428-913F-C37AE82CDB24}.AppStore|x86.Build.0 = Release|Any CPU
		{67F9D3A8-F71E-4428-913F-C37AE82CDB24}.Debug|Any CPU.ActiveCfg = Debug|Any CPU
		{67F9D3A8-F71E-4428-913F-C37AE82CDB24}.Debug|Any CPU.Build.0 = Debug|Any CPU
		{67F9D3A8-F71E-4428-913F-C37AE82CDB24}.Debug|ARM.ActiveCfg = Debug|Any CPU
		{67F9D3A8-F71E-4428-913F-C37AE82CDB24}.Debug|ARM.Build.0 = Debug|Any CPU
		{67F9D3A8-F71E-4428-913F-C37AE82CDB24}.Debug|iPhone.ActiveCfg = Debug|Any CPU
		{67F9D3A8-F71E-4428-913F-C37AE82CDB24}.Debug|iPhone.Build.0 = Debug|Any CPU
		{67F9D3A8-F71E-4428-913F-C37AE82CDB24}.Debug|iPhoneSimulator.ActiveCfg = Debug|Any CPU
		{67F9D3A8-F71E-4428-913F-C37AE82CDB24}.Debug|iPhoneSimulator.Build.0 = Debug|Any CPU
		{67F9D3A8-F71E-4428-913F-C37AE82CDB24}.Debug|x64.ActiveCfg = Debug|Any CPU
		{67F9D3A8-F71E-4428-913F-C37AE82CDB24}.Debug|x64.Build.0 = Debug|Any CPU
		{67F9D3A8-F71E-4428-913F-C37AE82CDB24}.Debug|x86.ActiveCfg = Debug|Any CPU
		{67F9D3A8-F71E-4428-913F-C37AE82CDB24}.Debug|x86.Build.0 = Debug|Any CPU
		{67F9D3A8-F71E-4428-913F-C37AE82CDB24}.Release|Any CPU.ActiveCfg = Release|Any CPU
		{67F9D3A8-F71E-4428-913F-C37AE82CDB24}.Release|Any CPU.Build.0 = Release|Any CPU
		{67F9D3A8-F71E-4428-913F-C37AE82CDB24}.Release|ARM.ActiveCfg = Release|Any CPU
		{67F9D3A8-F71E-4428-913F-C37AE82CDB24}.Release|ARM.Build.0 = Release|Any CPU
		{67F9D3A8-F71E-4428-913F-C37AE82CDB24}.Release|iPhone.ActiveCfg = Release|Any CPU
		{67F9D3A8-F71E-4428-913F-C37AE82CDB24}.Release|iPhone.Build.0 = Release|Any CPU
		{67F9D3A8-F71E-4428-913F-C37AE82CDB24}.Release|iPhoneSimulator.ActiveCfg = Release|Any CPU
		{67F9D3A8-F71E-4428-913F-C37AE82CDB24}.Release|iPhoneSimulator.Build.0 = Release|Any CPU
		{67F9D3A8-F71E-4428-913F-C37AE82CDB24}.Release|x64.ActiveCfg = Release|Any CPU
		{67F9D3A8-F71E-4428-913F-C37AE82CDB24}.Release|x64.Build.0 = Release|Any CPU
		{67F9D3A8-F71E-4428-913F-C37AE82CDB24}.Release|x86.ActiveCfg = Release|Any CPU
		{67F9D3A8-F71E-4428-913F-C37AE82CDB24}.Release|x86.Build.0 = Release|Any CPU
	EndGlobalSection
	GlobalSection(SolutionProperties) = preSolution
		HideSolutionNode = FALSE
	EndGlobalSection
EndGlobal
